// !$*UTF8*$!
{
	archiveVersion = 1;
	classes = {
	};
	objectVersion = 51;
	objects = {

/* Begin PBXBuildFile section */
		040F745123D703A300F0C5E7 /* AppDelegate.swift in Sources */ = {isa = PBXBuildFile; fileRef = 040F745023D703A300F0C5E7 /* AppDelegate.swift */; };
		040F745523D703A300F0C5E7 /* ViewController.swift in Sources */ = {isa = PBXBuildFile; fileRef = 040F745423D703A300F0C5E7 /* ViewController.swift */; };
		040F745823D703A300F0C5E7 /* Main.storyboard in Resources */ = {isa = PBXBuildFile; fileRef = 040F745623D703A300F0C5E7 /* Main.storyboard */; };
		040F745A23D703A500F0C5E7 /* Assets.xcassets in Resources */ = {isa = PBXBuildFile; fileRef = 040F745923D703A500F0C5E7 /* Assets.xcassets */; };
		040F745D23D703A500F0C5E7 /* LaunchScreen.storyboard in Resources */ = {isa = PBXBuildFile; fileRef = 040F745B23D703A500F0C5E7 /* LaunchScreen.storyboard */; };
		A3EE7156DF1011579B29341F /* Pods_Example.framework in Frameworks */ = {isa = PBXBuildFile; fileRef = 108EAA47F167C119960B828D /* Pods_Example.framework */; };
/* End PBXBuildFile section */

/* Begin PBXFileReference section */
		040F744E23D703A300F0C5E7 /* Example.app */ = {isa = PBXFileReference; explicitFileType = wrapper.application; includeInIndex = 0; path = Example.app; sourceTree = BUILT_PRODUCTS_DIR; };
		040F745023D703A300F0C5E7 /* AppDelegate.swift */ = {isa = PBXFileReference; lastKnownFileType = sourcecode.swift; path = AppDelegate.swift; sourceTree = "<group>"; };
		040F745423D703A300F0C5E7 /* ViewController.swift */ = {isa = PBXFileReference; lastKnownFileType = sourcecode.swift; path = ViewController.swift; sourceTree = "<group>"; };
		040F745723D703A300F0C5E7 /* Base */ = {isa = PBXFileReference; lastKnownFileType = file.storyboard; name = Base; path = Base.lproj/Main.storyboard; sourceTree = "<group>"; };
		040F745923D703A500F0C5E7 /* Assets.xcassets */ = {isa = PBXFileReference; lastKnownFileType = folder.assetcatalog; path = Assets.xcassets; sourceTree = "<group>"; };
		040F745C23D703A500F0C5E7 /* Base */ = {isa = PBXFileReference; lastKnownFileType = file.storyboard; name = Base; path = Base.lproj/LaunchScreen.storyboard; sourceTree = "<group>"; };
		040F745E23D703A500F0C5E7 /* Info.plist */ = {isa = PBXFileReference; lastKnownFileType = text.plist.xml; path = Info.plist; sourceTree = "<group>"; };
		040F746B23D70EEA00F0C5E7 /* BouncyTabBar.podspec */ = {isa = PBXFileReference; lastKnownFileType = text; name = BouncyTabBar.podspec; path = ../BouncyTabBar.podspec; sourceTree = "<group>"; };
		040F746C23D70EEA00F0C5E7 /* LICENSE */ = {isa = PBXFileReference; lastKnownFileType = text; name = LICENSE; path = ../LICENSE; sourceTree = "<group>"; };
		040F746D23D70EEA00F0C5E7 /* README.md */ = {isa = PBXFileReference; lastKnownFileType = net.daringfireball.markdown; name = README.md; path = ../README.md; sourceTree = "<group>"; };
		040F746F23D716A100F0C5E7 /* BouncyTabBarViewController.swift */ = {isa = PBXFileReference; lastKnownFileType = sourcecode.swift; path = BouncyTabBarViewController.swift; sourceTree = "<group>"; };
		040F747023D716A100F0C5E7 /* BouncyTabView.swift */ = {isa = PBXFileReference; lastKnownFileType = sourcecode.swift; path = BouncyTabView.swift; sourceTree = "<group>"; };
		040F747123D716A100F0C5E7 /* BouncyTabBarView.swift */ = {isa = PBXFileReference; lastKnownFileType = sourcecode.swift; path = BouncyTabBarView.swift; sourceTree = "<group>"; };
		040F747323D71E2900F0C5E7 /* Package.swift */ = {isa = PBXFileReference; lastKnownFileType = sourcecode.swift; name = Package.swift; path = ../Package.swift; sourceTree = "<group>"; };
		108EAA47F167C119960B828D /* Pods_Example.framework */ = {isa = PBXFileReference; explicitFileType = wrapper.framework; includeInIndex = 0; path = Pods_Example.framework; sourceTree = BUILT_PRODUCTS_DIR; };
		7A6C4EFA50D057A7575355A4 /* Pods-Example.debug.xcconfig */ = {isa = PBXFileReference; includeInIndex = 1; lastKnownFileType = text.xcconfig; name = "Pods-Example.debug.xcconfig"; path = "Target Support Files/Pods-Example/Pods-Example.debug.xcconfig"; sourceTree = "<group>"; };
		B71A7665744EEDBBBF756C27 /* Pods-Example.release.xcconfig */ = {isa = PBXFileReference; includeInIndex = 1; lastKnownFileType = text.xcconfig; name = "Pods-Example.release.xcconfig"; path = "Target Support Files/Pods-Example/Pods-Example.release.xcconfig"; sourceTree = "<group>"; };
/* End PBXFileReference section */

/* Begin PBXFrameworksBuildPhase section */
		040F744B23D703A300F0C5E7 /* Frameworks */ = {
			isa = PBXFrameworksBuildPhase;
			buildActionMask = 2147483647;
			files = (
				A3EE7156DF1011579B29341F /* Pods_Example.framework in Frameworks */,
			);
			runOnlyForDeploymentPostprocessing = 0;
		};
/* End PBXFrameworksBuildPhase section */

/* Begin PBXGroup section */
		040F743523D7037600F0C5E7 = {
			isa = PBXGroup;
			children = (
				040F747323D71E2900F0C5E7 /* Package.swift */,
				040F746A23D70ECF00F0C5E7 /* Pods Meta */,
				040F746E23D716A100F0C5E7 /* Source */,
				040F744F23D703A300F0C5E7 /* Example */,
				040F744023D7037600F0C5E7 /* Products */,
				59D5C8CC01CA7025752D318C /* Pods */,
				1E7B369B2C58909475457D12 /* Frameworks */,
			);
			sourceTree = "<group>";
		};
		040F744023D7037600F0C5E7 /* Products */ = {
			isa = PBXGroup;
			children = (
				040F744E23D703A300F0C5E7 /* Example.app */,
			);
			name = Products;
			sourceTree = "<group>";
		};
		040F744F23D703A300F0C5E7 /* Example */ = {
			isa = PBXGroup;
			children = (
				040F745023D703A300F0C5E7 /* AppDelegate.swift */,
				040F745423D703A300F0C5E7 /* ViewController.swift */,
				040F745623D703A300F0C5E7 /* Main.storyboard */,
				040F745923D703A500F0C5E7 /* Assets.xcassets */,
				040F745B23D703A500F0C5E7 /* LaunchScreen.storyboard */,
				040F745E23D703A500F0C5E7 /* Info.plist */,
			);
			path = Example;
			sourceTree = "<group>";
		};
		040F746A23D70ECF00F0C5E7 /* Pods Meta */ = {
			isa = PBXGroup;
			children = (
				040F746B23D70EEA00F0C5E7 /* BouncyTabBar.podspec */,
				040F746C23D70EEA00F0C5E7 /* LICENSE */,
				040F746D23D70EEA00F0C5E7 /* README.md */,
			);
			name = "Pods Meta";
			sourceTree = "<group>";
		};
		040F746E23D716A100F0C5E7 /* Source */ = {
			isa = PBXGroup;
			children = (
				040F746F23D716A100F0C5E7 /* BouncyTabBarViewController.swift */,
				040F747023D716A100F0C5E7 /* BouncyTabView.swift */,
				040F747123D716A100F0C5E7 /* BouncyTabBarView.swift */,
			);
			name = Source;
			path = ../Source;
			sourceTree = "<group>";
		};
		1E7B369B2C58909475457D12 /* Frameworks */ = {
			isa = PBXGroup;
			children = (
				108EAA47F167C119960B828D /* Pods_Example.framework */,
			);
			name = Frameworks;
			sourceTree = "<group>";
		};
		59D5C8CC01CA7025752D318C /* Pods */ = {
			isa = PBXGroup;
			children = (
				7A6C4EFA50D057A7575355A4 /* Pods-Example.debug.xcconfig */,
				B71A7665744EEDBBBF756C27 /* Pods-Example.release.xcconfig */,
			);
			path = Pods;
			sourceTree = "<group>";
		};
/* End PBXGroup section */

/* Begin PBXNativeTarget section */
		040F744D23D703A300F0C5E7 /* Example */ = {
			isa = PBXNativeTarget;
			buildConfigurationList = 040F745F23D703A500F0C5E7 /* Build configuration list for PBXNativeTarget "Example" */;
			buildPhases = (
				132614D5981E6A83952C08E4 /* [CP] Check Pods Manifest.lock */,
				040F744A23D703A300F0C5E7 /* Sources */,
				040F744B23D703A300F0C5E7 /* Frameworks */,
				040F744C23D703A300F0C5E7 /* Resources */,
				09C03DAF0FC2E05FBD88616D /* [CP] Embed Pods Frameworks */,
			);
			buildRules = (
			);
			dependencies = (
			);
			name = Example;
			productName = Example;
			productReference = 040F744E23D703A300F0C5E7 /* Example.app */;
			productType = "com.apple.product-type.application";
		};
/* End PBXNativeTarget section */

/* Begin PBXProject section */
		040F743623D7037600F0C5E7 /* Project object */ = {
			isa = PBXProject;
			attributes = {
				LastSwiftUpdateCheck = 1130;
				LastUpgradeCheck = 1130;
				ORGANIZATIONNAME = "No Organization";
				TargetAttributes = {
					040F744D23D703A300F0C5E7 = {
						CreatedOnToolsVersion = 11.3.1;
					};
				};
			};
			buildConfigurationList = 040F743923D7037600F0C5E7 /* Build configuration list for PBXProject "BouncyTabBar" */;
			compatibilityVersion = "Xcode 9.3";
			developmentRegion = en;
			hasScannedForEncodings = 0;
			knownRegions = (
				en,
				Base,
			);
			mainGroup = 040F743523D7037600F0C5E7;
			productRefGroup = 040F744023D7037600F0C5E7 /* Products */;
			projectDirPath = "";
			projectRoot = "";
			targets = (
				040F744D23D703A300F0C5E7 /* Example */,
			);
		};
/* End PBXProject section */

/* Begin PBXResourcesBuildPhase section */
		040F744C23D703A300F0C5E7 /* Resources */ = {
			isa = PBXResourcesBuildPhase;
			buildActionMask = 2147483647;
			files = (
				040F745D23D703A500F0C5E7 /* LaunchScreen.storyboard in Resources */,
				040F745A23D703A500F0C5E7 /* Assets.xcassets in Resources */,
				040F745823D703A300F0C5E7 /* Main.storyboard in Resources */,
			);
			runOnlyForDeploymentPostprocessing = 0;
		};
/* End PBXResourcesBuildPhase section */

/* Begin PBXShellScriptBuildPhase section */
		09C03DAF0FC2E05FBD88616D /* [CP] Embed Pods Frameworks */ = {
			isa = PBXShellScriptBuildPhase;
			buildActionMask = 2147483647;
			files = (
			);
			inputFileListPaths = (
				"${PODS_ROOT}/Target Support Files/Pods-Example/Pods-Example-frameworks-${CONFIGURATION}-input-files.xcfilelist",
			);
			name = "[CP] Embed Pods Frameworks";
			outputFileListPaths = (
				"${PODS_ROOT}/Target Support Files/Pods-Example/Pods-Example-frameworks-${CONFIGURATION}-output-files.xcfilelist",
			);
			runOnlyForDeploymentPostprocessing = 0;
			shellPath = /bin/sh;
			shellScript = "\"${PODS_ROOT}/Target Support Files/Pods-Example/Pods-Example-frameworks.sh\"\n";
			showEnvVarsInLog = 0;
		};
		132614D5981E6A83952C08E4 /* [CP] Check Pods Manifest.lock */ = {
			isa = PBXShellScriptBuildPhase;
			buildActionMask = 2147483647;
			files = (
			);
			inputFileListPaths = (
			);
			inputPaths = (
				"${PODS_PODFILE_DIR_PATH}/Podfile.lock",
				"${PODS_ROOT}/Manifest.lock",
			);
			name = "[CP] Check Pods Manifest.lock";
			outputFileListPaths = (
			);
			outputPaths = (
				"$(DERIVED_FILE_DIR)/Pods-Example-checkManifestLockResult.txt",
			);
			runOnlyForDeploymentPostprocessing = 0;
			shellPath = /bin/sh;
			shellScript = "diff \"${PODS_PODFILE_DIR_PATH}/Podfile.lock\" \"${PODS_ROOT}/Manifest.lock\" > /dev/null\nif [ $? != 0 ] ; then\n    # print error to STDERR\n    echo \"error: The sandbox is not in sync with the Podfile.lock. Run 'pod install' or update your CocoaPods installation.\" >&2\n    exit 1\nfi\n# This output is used by Xcode 'outputs' to avoid re-running this script phase.\necho \"SUCCESS\" > \"${SCRIPT_OUTPUT_FILE_0}\"\n";
			showEnvVarsInLog = 0;
		};
/* End PBXShellScriptBuildPhase section */

/* Begin PBXSourcesBuildPhase section */
		040F744A23D703A300F0C5E7 /* Sources */ = {
			isa = PBXSourcesBuildPhase;
			buildActionMask = 2147483647;
			files = (
				040F745523D703A300F0C5E7 /* ViewController.swift in Sources */,
				040F745123D703A300F0C5E7 /* AppDelegate.swift in Sources */,
			);
			runOnlyForDeploymentPostprocessing = 0;
		};
/* End PBXSourcesBuildPhase section */

/* Begin PBXVariantGroup section */
		040F745623D703A300F0C5E7 /* Main.storyboard */ = {
			isa = PBXVariantGroup;
			children = (
				040F745723D703A300F0C5E7 /* Base */,
			);
			name = Main.storyboard;
			sourceTree = "<group>";
		};
		040F745B23D703A500F0C5E7 /* LaunchScreen.storyboard */ = {
			isa = PBXVariantGroup;
			children = (
				040F745C23D703A500F0C5E7 /* Base */,
			);
			name = LaunchScreen.storyboard;
			sourceTree = "<group>";
		};
/* End PBXVariantGroup section */

/* Begin XCBuildConfiguration section */
		040F744523D7037600F0C5E7 /* Debug */ = {
			isa = XCBuildConfiguration;
			buildSettings = {
				ALWAYS_SEARCH_USER_PATHS = NO;
				CLANG_ANALYZER_NONNULL = YES;
				CLANG_ANALYZER_NUMBER_OBJECT_CONVERSION = YES_AGGRESSIVE;
				CLANG_CXX_LANGUAGE_STANDARD = "gnu++14";
				CLANG_CXX_LIBRARY = "libc++";
				CLANG_ENABLE_MODULES = YES;
				CLANG_ENABLE_OBJC_ARC = YES;
				CLANG_ENABLE_OBJC_WEAK = YES;
				CLANG_WARN_BLOCK_CAPTURE_AUTORELEASING = YES;
				CLANG_WARN_BOOL_CONVERSION = YES;
				CLANG_WARN_COMMA = YES;
				CLANG_WARN_CONSTANT_CONVERSION = YES;
				CLANG_WARN_DEPRECATED_OBJC_IMPLEMENTATIONS = YES;
				CLANG_WARN_DIRECT_OBJC_ISA_USAGE = YES_ERROR;
				CLANG_WARN_DOCUMENTATION_COMMENTS = YES;
				CLANG_WARN_EMPTY_BODY = YES;
				CLANG_WARN_ENUM_CONVERSION = YES;
				CLANG_WARN_INFINITE_RECURSION = YES;
				CLANG_WARN_INT_CONVERSION = YES;
				CLANG_WARN_NON_LITERAL_NULL_CONVERSION = YES;
				CLANG_WARN_OBJC_IMPLICIT_RETAIN_SELF = YES;
				CLANG_WARN_OBJC_LITERAL_CONVERSION = YES;
				CLANG_WARN_OBJC_ROOT_CLASS = YES_ERROR;
				CLANG_WARN_RANGE_LOOP_ANALYSIS = YES;
				CLANG_WARN_STRICT_PROTOTYPES = YES;
				CLANG_WARN_SUSPICIOUS_MOVE = YES;
				CLANG_WARN_UNGUARDED_AVAILABILITY = YES_AGGRESSIVE;
				CLANG_WARN_UNREACHABLE_CODE = YES;
				CLANG_WARN__DUPLICATE_METHOD_MATCH = YES;
				COPY_PHASE_STRIP = NO;
				CURRENT_PROJECT_VERSION = 1;
				DEBUG_INFORMATION_FORMAT = dwarf;
				ENABLE_STRICT_OBJC_MSGSEND = YES;
				ENABLE_TESTABILITY = YES;
				GCC_C_LANGUAGE_STANDARD = gnu11;
				GCC_DYNAMIC_NO_PIC = NO;
				GCC_NO_COMMON_BLOCKS = YES;
				GCC_OPTIMIZATION_LEVEL = 0;
				GCC_PREPROCESSOR_DEFINITIONS = (
					"DEBUG=1",
					"$(inherited)",
				);
				GCC_WARN_64_TO_32_BIT_CONVERSION = YES;
				GCC_WARN_ABOUT_RETURN_TYPE = YES_ERROR;
				GCC_WARN_UNDECLARED_SELECTOR = YES;
				GCC_WARN_UNINITIALIZED_AUTOS = YES_AGGRESSIVE;
				GCC_WARN_UNUSED_FUNCTION = YES;
				GCC_WARN_UNUSED_VARIABLE = YES;
				IPHONEOS_DEPLOYMENT_TARGET = 10.0;
				MTL_ENABLE_DEBUG_INFO = INCLUDE_SOURCE;
				MTL_FAST_MATH = YES;
				ONLY_ACTIVE_ARCH = YES;
				SDKROOT = iphoneos;
				SWIFT_ACTIVE_COMPILATION_CONDITIONS = DEBUG;
				SWIFT_OPTIMIZATION_LEVEL = "-Onone";
				VERSIONING_SYSTEM = "apple-generic";
				VERSION_INFO_PREFIX = "";
			};
			name = Debug;
		};
		040F744623D7037600F0C5E7 /* Release */ = {
			isa = XCBuildConfiguration;
			buildSettings = {
				ALWAYS_SEARCH_USER_PATHS = NO;
				CLANG_ANALYZER_NONNULL = YES;
				CLANG_ANALYZER_NUMBER_OBJECT_CONVERSION = YES_AGGRESSIVE;
				CLANG_CXX_LANGUAGE_STANDARD = "gnu++14";
				CLANG_CXX_LIBRARY = "libc++";
				CLANG_ENABLE_MODULES = YES;
				CLANG_ENABLE_OBJC_ARC = YES;
				CLANG_ENABLE_OBJC_WEAK = YES;
				CLANG_WARN_BLOCK_CAPTURE_AUTORELEASING = YES;
				CLANG_WARN_BOOL_CONVERSION = YES;
				CLANG_WARN_COMMA = YES;
				CLANG_WARN_CONSTANT_CONVERSION = YES;
				CLANG_WARN_DEPRECATED_OBJC_IMPLEMENTATIONS = YES;
				CLANG_WARN_DIRECT_OBJC_ISA_USAGE = YES_ERROR;
				CLANG_WARN_DOCUMENTATION_COMMENTS = YES;
				CLANG_WARN_EMPTY_BODY = YES;
				CLANG_WARN_ENUM_CONVERSION = YES;
				CLANG_WARN_INFINITE_RECURSION = YES;
				CLANG_WARN_INT_CONVERSION = YES;
				CLANG_WARN_NON_LITERAL_NULL_CONVERSION = YES;
				CLANG_WARN_OBJC_IMPLICIT_RETAIN_SELF = YES;
				CLANG_WARN_OBJC_LITERAL_CONVERSION = YES;
				CLANG_WARN_OBJC_ROOT_CLASS = YES_ERROR;
				CLANG_WARN_RANGE_LOOP_ANALYSIS = YES;
				CLANG_WARN_STRICT_PROTOTYPES = YES;
				CLANG_WARN_SUSPICIOUS_MOVE = YES;
				CLANG_WARN_UNGUARDED_AVAILABILITY = YES_AGGRESSIVE;
				CLANG_WARN_UNREACHABLE_CODE = YES;
				CLANG_WARN__DUPLICATE_METHOD_MATCH = YES;
				COPY_PHASE_STRIP = NO;
				CURRENT_PROJECT_VERSION = 1;
				DEBUG_INFORMATION_FORMAT = "dwarf-with-dsym";
				ENABLE_NS_ASSERTIONS = NO;
				ENABLE_STRICT_OBJC_MSGSEND = YES;
				GCC_C_LANGUAGE_STANDARD = gnu11;
				GCC_NO_COMMON_BLOCKS = YES;
				GCC_WARN_64_TO_32_BIT_CONVERSION = YES;
				GCC_WARN_ABOUT_RETURN_TYPE = YES_ERROR;
				GCC_WARN_UNDECLARED_SELECTOR = YES;
				GCC_WARN_UNINITIALIZED_AUTOS = YES_AGGRESSIVE;
				GCC_WARN_UNUSED_FUNCTION = YES;
				GCC_WARN_UNUSED_VARIABLE = YES;
				IPHONEOS_DEPLOYMENT_TARGET = 10.0;
				MTL_ENABLE_DEBUG_INFO = NO;
				MTL_FAST_MATH = YES;
				SDKROOT = iphoneos;
				SWIFT_COMPILATION_MODE = wholemodule;
				SWIFT_OPTIMIZATION_LEVEL = "-O";
				VALIDATE_PRODUCT = YES;
				VERSIONING_SYSTEM = "apple-generic";
				VERSION_INFO_PREFIX = "";
			};
			name = Release;
		};
		040F746023D703A500F0C5E7 /* Debug */ = {
			isa = XCBuildConfiguration;
			baseConfigurationReference = 7A6C4EFA50D057A7575355A4 /* Pods-Example.debug.xcconfig */;
			buildSettings = {
				ASSETCATALOG_COMPILER_APPICON_NAME = AppIcon;
				CODE_SIGN_STYLE = Automatic;
				DEVELOPMENT_TEAM = WTQUQ4ZLW3;
				INFOPLIST_FILE = Example/Info.plist;
				IPHONEOS_DEPLOYMENT_TARGET = 10.0;
				LD_RUNPATH_SEARCH_PATHS = (
					"$(inherited)",
					"@executable_path/Frameworks",
				);
				PRODUCT_BUNDLE_IDENTIFIER = com.example.Example;
				PRODUCT_NAME = "$(TARGET_NAME)";
				SWIFT_VERSION = 5.0;
				TARGETED_DEVICE_FAMILY = "1,2";
			};
			name = Debug;
		};
		040F746123D703A500F0C5E7 /* Release */ = {
			isa = XCBuildConfiguration;
			baseConfigurationReference = B71A7665744EEDBBBF756C27 /* Pods-Example.release.xcconfig */;
			buildSettings = {
				ASSETCATALOG_COMPILER_APPICON_NAME = AppIcon;
				CODE_SIGN_STYLE = Automatic;
				DEVELOPMENT_TEAM = WTQUQ4ZLW3;
				INFOPLIST_FILE = Example/Info.plist;
				IPHONEOS_DEPLOYMENT_TARGET = 10.0;
				LD_RUNPATH_SEARCH_PATHS = (
					"$(inherited)",
					"@executable_path/Frameworks",
				);
				PRODUCT_BUNDLE_IDENTIFIER = com.example.Example;
				PRODUCT_NAME = "$(TARGET_NAME)";
				SWIFT_VERSION = 5.0;
				TARGETED_DEVICE_FAMILY = "1,2";
			};
			name = Release;
		};
/* End XCBuildConfiguration section */

/* Begin XCConfigurationList section */
		040F743923D7037600F0C5E7 /* Build configuration list for PBXProject "BouncyTabBar" */ = {
			isa = XCConfigurationList;
			buildConfigurations = (
				040F744523D7037600F0C5E7 /* Debug */,
				040F744623D7037600F0C5E7 /* Release */,
			);
			defaultConfigurationIsVisible = 0;
			defaultConfigurationName = Release;
		};
		040F745F23D703A500F0C5E7 /* Build configuration list for PBXNativeTarget "Example" */ = {
			isa = XCConfigurationList;
			buildConfigurations = (
				040F746023D703A500F0C5E7 /* Debug */,
				040F746123D703A500F0C5E7 /* Release */,
			);
			defaultConfigurationIsVisible = 0;
			defaultConfigurationName = Release;
		};
/* End XCConfigurationList section */
	};
	rootObject = 040F743623D7037600F0C5E7 /* Project object */;
}
